
Microsoft Visual Studio Solution File, Format Version 12.00
# Visual Studio Version 17
VisualStudioVersion = 17.1.32407.343
MinimumVisualStudioVersion = 10.0.40219.1
Project("{8BC9CEB8-8B4A-11D0-8D11-00A0C91BC942}") = "DigitalMenu", "DigitalMenu.vcxproj", "{80FB189A-BF83-4C0E-A4E3-7FDD39711670}"
EndProject
Project("{8BC9CEB8-8B4A-11D0-8D11-00A0C91BC942}") = "MenuTests", "..\MenuTests\MenuTests.vcxproj", "{A40B59F0-0063-4BCF-A6A1-63DA868FB102}"
EndProject
Global
	GlobalSection(SolutionConfigurationPlatforms) = preSolution
		Debug|x64 = Debug|x64
		Debug|x86 = Debug|x86
		Release|x64 = Release|x64
		Release|x86 = Release|x86
	EndGlobalSection
	GlobalSection(ProjectConfigurationPlatforms) = postSolution
		{80FB189A-BF83-4C0E-A4E3-7FDD39711670}.Debug|x64.ActiveCfg = Debug|x64
		{80FB189A-BF83-4C0E-A4E3-7FDD39711670}.Debug|x64.Build.0 = Debug|x64
		{80FB189A-BF83-4C0E-A4E3-7FDD39711670}.Debug|x86.ActiveCfg = Debug|Win32
		{80FB189A-BF83-4C0E-A4E3-7FDD39711670}.Debug|x86.Build.0 = Debug|Win32
		{80FB189A-BF83-4C0E-A4E3-7FDD39711670}.Release|x64.ActiveCfg = Release|x64
		{80FB189A-BF83-4C0E-A4E3-7FDD39711670}.Release|x64.Build.0 = Release|x64
		{80FB189A-BF83-4C0E-A4E3-7FDD39711670}.Release|x86.ActiveCfg = Release|Win32
		{80FB189A-BF83-4C0E-A4E3-7FDD39711670}.Release|x86.Build.0 = Release|Win32
		{A40B59F0-0063-4BCF-A6A1-63DA868FB102}.Debug|x64.ActiveCfg = Debug|x64
		{A40B59F0-0063-4BCF-A6A1-63DA868FB102}.Debug|x64.Build.0 = Debug|x64
		{A40B59F0-0063-4BCF-A6A1-63DA868FB102}.Debug|x86.ActiveCfg = Debug|Win32
		{A40B59F0-0063-4BCF-A6A1-63DA868FB102}.Debug|x86.Build.0 = Debug|Win32
		{A40B59F0-0063-4BCF-A6A1-63DA868FB102}.Release|x64.ActiveCfg = Release|x64
		{A40B59F0-0063-4BCF-A6A1-63DA868FB102}.Release|x64.Build.0 = Release|x64
		{A40B59F0-0063-4BCF-A6A1-63DA868FB102}.Release|x86.ActiveCfg = Release|Win32
		{A40B59F0-0063-4BCF-A6A1-63DA868FB102}.Release|x86.Build.0 = Release|Win32
	EndGlobalSection
	GlobalSection(SolutionProperties) = preSolution
		HideSolutionNode = FALSE
	EndGlobalSection
	GlobalSection(ExtensibilityGlobals) = postSolution
		SolutionGuid = {0ABCF87F-CA24-4A3E-9F67-10735747D58B}
	EndGlobalSection
EndGlobal
